
Microsoft Visual Studio Solution File, Format Version 12.00
Project("{2150E333-8FDC-42A3-9474-1A3956D46DE8}") = "Modules", "Modules", "{82DCF8BC-18E9-478F-B79C-1ECFC38466C4}"
EndProject
Project("{FAE04EC0-301F-11D3-BF4B-00C04F79EFBC}") = "GymTracker.API", "GymTracker.API\GymTracker.API.csproj", "{0DC40885-8F72-45E7-AC61-9B1A188B08EA}"
EndProject
Global
	GlobalSection(SolutionConfigurationPlatforms) = preSolution
		Debug|Any CPU = Debug|Any CPU
		Release|Any CPU = Release|Any CPU
	EndGlobalSection
	GlobalSection(ProjectConfigurationPlatforms) = postSolution
		{0DC40885-8F72-45E7-AC61-9B1A188B08EA}.Debug|Any CPU.ActiveCfg = Debug|Any CPU
		{0DC40885-8F72-45E7-AC61-9B1A188B08EA}.Debug|Any CPU.Build.0 = Debug|Any CPU
		{0DC40885-8F72-45E7-AC61-9B1A188B08EA}.Release|Any CPU.ActiveCfg = Release|Any CPU
		{0DC40885-8F72-45E7-AC61-9B1A188B08EA}.Release|Any CPU.Build.0 = Release|Any CPU
	EndGlobalSection
EndGlobal
